
Microsoft Visual Studio Solution File, Format Version 12.00
# Visual Studio Version 17
VisualStudioVersion = 17.14.36616.10 d17.14
MinimumVisualStudioVersion = 10.0.40219.1
Project("{FAE04EC0-301F-11D3-BF4B-00C04F79EFBC}") = "ShippingAndHandlingApp", "ShippingAndHandlingApp\ShippingAndHandlingApp.csproj", "{4ABCD22F-8721-4E06-9DE8-B0ECB7F733E7}"
EndProject
Global
	GlobalSection(SolutionConfigurationPlatforms) = preSolution
		Debug|Any CPU = Debug|Any CPU
		Release|Any CPU = Release|Any CPU
	EndGlobalSection
	GlobalSection(ProjectConfigurationPlatforms) = postSolution
		{4ABCD22F-8721-4E06-9DE8-B0ECB7F733E7}.Debug|Any CPU.ActiveCfg = Debug|Any CPU
		{4ABCD22F-8721-4E06-9DE8-B0ECB7F733E7}.Debug|Any CPU.Build.0 = Debug|Any CPU
		{4ABCD22F-8721-4E06-9DE8-B0ECB7F733E7}.Release|Any CPU.ActiveCfg = Release|Any CPU
		{4ABCD22F-8721-4E06-9DE8-B0ECB7F733E7}.Release|Any CPU.Build.0 = Release|Any CPU
	EndGlobalSection
	GlobalSection(SolutionProperties) = preSolution
		HideSolutionNode = FALSE
	EndGlobalSection
	GlobalSection(ExtensibilityGlobals) = postSolution
		SolutionGuid = {74401BEC-89C5-4047-B9D3-5DB6E7A2A4C6}
	EndGlobalSection
EndGlobal
