
Microsoft Visual Studio Solution File, Format Version 12.00
# Visual Studio Version 17
VisualStudioVersion = 17.14.36616.10 d17.14
MinimumVisualStudioVersion = 10.0.40219.1
Project("{FAE04EC0-301F-11D3-BF4B-00C04F79EFBC}") = "FutureValue", "FutureValue\FutureValue.csproj", "{B7CB74D5-E1CA-4EFC-9706-B3D622E3CFA4}"
EndProject
Global
	GlobalSection(SolutionConfigurationPlatforms) = preSolution
		Debug|Any CPU = Debug|Any CPU
		Release|Any CPU = Release|Any CPU
	EndGlobalSection
	GlobalSection(ProjectConfigurationPlatforms) = postSolution
		{B7CB74D5-E1CA-4EFC-9706-B3D622E3CFA4}.Debug|Any CPU.ActiveCfg = Debug|Any CPU
		{B7CB74D5-E1CA-4EFC-9706-B3D622E3CFA4}.Debug|Any CPU.Build.0 = Debug|Any CPU
		{B7CB74D5-E1CA-4EFC-9706-B3D622E3CFA4}.Release|Any CPU.ActiveCfg = Release|Any CPU
		{B7CB74D5-E1CA-4EFC-9706-B3D622E3CFA4}.Release|Any CPU.Build.0 = Release|Any CPU
	EndGlobalSection
	GlobalSection(SolutionProperties) = preSolution
		HideSolutionNode = FALSE
	EndGlobalSection
	GlobalSection(ExtensibilityGlobals) = postSolution
		SolutionGuid = {C1E43732-C57E-4D16-B0B9-3A8F53321B00}
	EndGlobalSection
EndGlobal
